
Microsoft Visual Studio Solution File, Format Version 12.00
# Visual Studio Version 16
VisualStudioVersion = 16.0.32901.82
MinimumVisualStudioVersion = 10.0.40219.1
Project("{FAE04EC0-301F-11D3-BF4B-00C04F79EFBC}") = "E_wallet", "E_wallet\E_wallet.csproj", "{BE6B73FB-F253-48AE-B39C-A6E6EF466B65}"
EndProject
Global
	GlobalSection(SolutionConfigurationPlatforms) = preSolution
		Debug|Any CPU = Debug|Any CPU
		Release|Any CPU = Release|Any CPU
	EndGlobalSection
	GlobalSection(ProjectConfigurationPlatforms) = postSolution
		{BE6B73FB-F253-48AE-B39C-A6E6EF466B65}.Debug|Any CPU.ActiveCfg = Debug|Any CPU
		{BE6B73FB-F253-48AE-B39C-A6E6EF466B65}.Debug|Any CPU.Build.0 = Debug|Any CPU
		{BE6B73FB-F253-48AE-B39C-A6E6EF466B65}.Release|Any CPU.ActiveCfg = Release|Any CPU
		{BE6B73FB-F253-48AE-B39C-A6E6EF466B65}.Release|Any CPU.Build.0 = Release|Any CPU
	EndGlobalSection
	GlobalSection(SolutionProperties) = preSolution
		HideSolutionNode = FALSE
	EndGlobalSection
	GlobalSection(ExtensibilityGlobals) = postSolution
		SolutionGuid = {4403D796-0173-44D3-812F-2B0B0AE7C2B7}
	EndGlobalSection
EndGlobal
